// !$*UTF8*$!
{
	archiveVersion = 1;
	classes = {
	};
	objectVersion = 46;
	objects = {

/* Begin PBXBuildFile section */
		4CF566DA1A9D1D2B00FEA5FD /* main.m in Sources */ = {isa = PBXBuildFile; fileRef = 4CF566D91A9D1D2B00FEA5FD /* main.m */; };
		4CF566DD1A9D1D2B00FEA5FD /* FLAppDelegate.m in Sources */ = {isa = PBXBuildFile; fileRef = 4CF566DC1A9D1D2B00FEA5FD /* FLAppDelegate.m */; };
		4CF566E01A9D1D2B00FEA5FD /* FLMasterViewController.m in Sources */ = {isa = PBXBuildFile; fileRef = 4CF566DF1A9D1D2B00FEA5FD /* FLMasterViewController.m */; };
		4CF566E31A9D1D2B00FEA5FD /* FLDetailViewController.m in Sources */ = {isa = PBXBuildFile; fileRef = 4CF566E21A9D1D2B00FEA5FD /* FLDetailViewController.m */; };
		4CF566E61A9D1D2B00FEA5FD /* Main.storyboard in Resources */ = {isa = PBXBuildFile; fileRef = 4CF566E41A9D1D2B00FEA5FD /* Main.storyboard */; };
		4CF566E81A9D1D2B00FEA5FD /* Images.xcassets in Resources */ = {isa = PBXBuildFile; fileRef = 4CF566E71A9D1D2B00FEA5FD /* Images.xcassets */; };
		4CF566EB1A9D1D2B00FEA5FD /* LaunchScreen.xib in Resources */ = {isa = PBXBuildFile; fileRef = 4CF566E91A9D1D2B00FEA5FD /* LaunchScreen.xib */; };
		4CF566F71A9D1D2B00FEA5FD /* VEX__Tests.m in Sources */ = {isa = PBXBuildFile; fileRef = 4CF566F61A9D1D2B00FEA5FD /* VEX__Tests.m */; };
/* End PBXBuildFile section */

/* Begin PBXContainerItemProxy section */
		4CF566F11A9D1D2B00FEA5FD /* PBXContainerItemProxy */ = {
			isa = PBXContainerItemProxy;
			containerPortal = 4CF566CC1A9D1D2A00FEA5FD /* Project object */;
			proxyType = 1;
			remoteGlobalIDString = 4CF566D31A9D1D2A00FEA5FD;
			remoteInfo = "VEX++";
		};
/* End PBXContainerItemProxy section */

/* Begin PBXFileReference section */
		4CF566D41A9D1D2A00FEA5FD /* VEX++.app */ = {isa = PBXFileReference; explicitFileType = wrapper.application; includeInIndex = 0; path = "VEX++.app"; sourceTree = BUILT_PRODUCTS_DIR; };
		4CF566D81A9D1D2B00FEA5FD /* Info.plist */ = {isa = PBXFileReference; lastKnownFileType = text.plist.xml; path = Info.plist; sourceTree = "<group>"; };
		4CF566D91A9D1D2B00FEA5FD /* main.m */ = {isa = PBXFileReference; lastKnownFileType = sourcecode.c.objc; path = main.m; sourceTree = "<group>"; };
		4CF566DB1A9D1D2B00FEA5FD /* FLAppDelegate.h */ = {isa = PBXFileReference; lastKnownFileType = sourcecode.c.h; path = FLAppDelegate.h; sourceTree = "<group>"; };
		4CF566DC1A9D1D2B00FEA5FD /* FLAppDelegate.m */ = {isa = PBXFileReference; lastKnownFileType = sourcecode.c.objc; path = FLAppDelegate.m; sourceTree = "<group>"; };
		4CF566DE1A9D1D2B00FEA5FD /* FLMasterViewController.h */ = {isa = PBXFileReference; lastKnownFileType = sourcecode.c.h; path = FLMasterViewController.h; sourceTree = "<group>"; };
		4CF566DF1A9D1D2B00FEA5FD /* FLMasterViewController.m */ = {isa = PBXFileReference; lastKnownFileType = sourcecode.c.objc; path = FLMasterViewController.m; sourceTree = "<group>"; };
		4CF566E11A9D1D2B00FEA5FD /* FLDetailViewController.h */ = {isa = PBXFileReference; lastKnownFileType = sourcecode.c.h; path = FLDetailViewController.h; sourceTree = "<group>"; };
		4CF566E21A9D1D2B00FEA5FD /* FLDetailViewController.m */ = {isa = PBXFileReference; lastKnownFileType = sourcecode.c.objc; path = FLDetailViewController.m; sourceTree = "<group>"; };
		4CF566E51A9D1D2B00FEA5FD /* Base */ = {isa = PBXFileReference; lastKnownFileType = file.storyboard; name = Base; path = Base.lproj/Main.storyboard; sourceTree = "<group>"; };
		4CF566E71A9D1D2B00FEA5FD /* Images.xcassets */ = {isa = PBXFileReference; lastKnownFileType = folder.assetcatalog; path = Images.xcassets; sourceTree = "<group>"; };
		4CF566EA1A9D1D2B00FEA5FD /* Base */ = {isa = PBXFileReference; lastKnownFileType = file.xib; name = Base; path = Base.lproj/LaunchScreen.xib; sourceTree = "<group>"; };
		4CF566F01A9D1D2B00FEA5FD /* VEX++Tests.xctest */ = {isa = PBXFileReference; explicitFileType = wrapper.cfbundle; includeInIndex = 0; path = "VEX++Tests.xctest"; sourceTree = BUILT_PRODUCTS_DIR; };
		4CF566F51A9D1D2B00FEA5FD /* Info.plist */ = {isa = PBXFileReference; lastKnownFileType = text.plist.xml; path = Info.plist; sourceTree = "<group>"; };
		4CF566F61A9D1D2B00FEA5FD /* VEX__Tests.m */ = {isa = PBXFileReference; lastKnownFileType = sourcecode.c.objc; path = VEX__Tests.m; sourceTree = "<group>"; };
/* End PBXFileReference section */

/* Begin PBXFrameworksBuildPhase section */
		4CF566D11A9D1D2A00FEA5FD /* Frameworks */ = {
			isa = PBXFrameworksBuildPhase;
			buildActionMask = 2147483647;
			files = (
			);
			runOnlyForDeploymentPostprocessing = 0;
		};
		4CF566ED1A9D1D2B00FEA5FD /* Frameworks */ = {
			isa = PBXFrameworksBuildPhase;
			buildActionMask = 2147483647;
			files = (
			);
			runOnlyForDeploymentPostprocessing = 0;
		};
/* End PBXFrameworksBuildPhase section */

/* Begin PBXGroup section */
		4CF566CB1A9D1D2A00FEA5FD = {
			isa = PBXGroup;
			children = (
				4CF566D61A9D1D2A00FEA5FD /* VEX++ */,
				4CF566F31A9D1D2B00FEA5FD /* VEX++Tests */,
				4CF566D51A9D1D2A00FEA5FD /* Products */,
			);
			sourceTree = "<group>";
		};
		4CF566D51A9D1D2A00FEA5FD /* Products */ = {
			isa = PBXGroup;
			children = (
				4CF566D41A9D1D2A00FEA5FD /* VEX++.app */,
				4CF566F01A9D1D2B00FEA5FD /* VEX++Tests.xctest */,
			);
			name = Products;
			sourceTree = "<group>";
		};
		4CF566D61A9D1D2A00FEA5FD /* VEX++ */ = {
			isa = PBXGroup;
			children = (
				4CF566DB1A9D1D2B00FEA5FD /* FLAppDelegate.h */,
				4CF566DC1A9D1D2B00FEA5FD /* FLAppDelegate.m */,
				4CF566DE1A9D1D2B00FEA5FD /* FLMasterViewController.h */,
				4CF566DF1A9D1D2B00FEA5FD /* FLMasterViewController.m */,
				4CF566E11A9D1D2B00FEA5FD /* FLDetailViewController.h */,
				4CF566E21A9D1D2B00FEA5FD /* FLDetailViewController.m */,
				4CF566E41A9D1D2B00FEA5FD /* Main.storyboard */,
				4CF566E71A9D1D2B00FEA5FD /* Images.xcassets */,
				4CF566E91A9D1D2B00FEA5FD /* LaunchScreen.xib */,
				4CF566D71A9D1D2B00FEA5FD /* Supporting Files */,
			);
			path = "VEX++";
			sourceTree = "<group>";
		};
		4CF566D71A9D1D2B00FEA5FD /* Supporting Files */ = {
			isa = PBXGroup;
			children = (
				4CF566D81A9D1D2B00FEA5FD /* Info.plist */,
				4CF566D91A9D1D2B00FEA5FD /* main.m */,
			);
			name = "Supporting Files";
			sourceTree = "<group>";
		};
		4CF566F31A9D1D2B00FEA5FD /* VEX++Tests */ = {
			isa = PBXGroup;
			children = (
				4CF566F61A9D1D2B00FEA5FD /* VEX__Tests.m */,
				4CF566F41A9D1D2B00FEA5FD /* Supporting Files */,
			);
			path = "VEX++Tests";
			sourceTree = "<group>";
		};
		4CF566F41A9D1D2B00FEA5FD /* Supporting Files */ = {
			isa = PBXGroup;
			children = (
				4CF566F51A9D1D2B00FEA5FD /* Info.plist */,
			);
			name = "Supporting Files";
			sourceTree = "<group>";
		};
/* End PBXGroup section */

/* Begin PBXNativeTarget section */
		4CF566D31A9D1D2A00FEA5FD /* VEX++ */ = {
			isa = PBXNativeTarget;
			buildConfigurationList = 4CF566FA1A9D1D2B00FEA5FD /* Build configuration list for PBXNativeTarget "VEX++" */;
			buildPhases = (
				4CF566D01A9D1D2A00FEA5FD /* Sources */,
				4CF566D11A9D1D2A00FEA5FD /* Frameworks */,
				4CF566D21A9D1D2A00FEA5FD /* Resources */,
			);
			buildRules = (
			);
			dependencies = (
			);
			name = "VEX++";
			productName = "VEX++";
			productReference = 4CF566D41A9D1D2A00FEA5FD /* VEX++.app */;
			productType = "com.apple.product-type.application";
		};
		4CF566EF1A9D1D2B00FEA5FD /* VEX++Tests */ = {
			isa = PBXNativeTarget;
			buildConfigurationList = 4CF566FD1A9D1D2B00FEA5FD /* Build configuration list for PBXNativeTarget "VEX++Tests" */;
			buildPhases = (
				4CF566EC1A9D1D2B00FEA5FD /* Sources */,
				4CF566ED1A9D1D2B00FEA5FD /* Frameworks */,
				4CF566EE1A9D1D2B00FEA5FD /* Resources */,
			);
			buildRules = (
			);
			dependencies = (
				4CF566F21A9D1D2B00FEA5FD /* PBXTargetDependency */,
			);
			name = "VEX++Tests";
			productName = "VEX++Tests";
			productReference = 4CF566F01A9D1D2B00FEA5FD /* VEX++Tests.xctest */;
			productType = "com.apple.product-type.bundle.unit-test";
		};
/* End PBXNativeTarget section */

/* Begin PBXProject section */
		4CF566CC1A9D1D2A00FEA5FD /* Project object */ = {
			isa = PBXProject;
			attributes = {
				CLASSPREFIX = FL;
				LastUpgradeCheck = 0630;
				ORGANIZATIONNAME = "Michael Hulet";
				TargetAttributes = {
					4CF566D31A9D1D2A00FEA5FD = {
						CreatedOnToolsVersion = 6.3;
					};
					4CF566EF1A9D1D2B00FEA5FD = {
						CreatedOnToolsVersion = 6.3;
						TestTargetID = 4CF566D31A9D1D2A00FEA5FD;
					};
				};
			};
			buildConfigurationList = 4CF566CF1A9D1D2A00FEA5FD /* Build configuration list for PBXProject "VEX++" */;
			compatibilityVersion = "Xcode 3.2";
			developmentRegion = English;
			hasScannedForEncodings = 0;
			knownRegions = (
				en,
				Base,
			);
			mainGroup = 4CF566CB1A9D1D2A00FEA5FD;
			productRefGroup = 4CF566D51A9D1D2A00FEA5FD /* Products */;
			projectDirPath = "";
			projectRoot = "";
			targets = (
				4CF566D31A9D1D2A00FEA5FD /* VEX++ */,
				4CF566EF1A9D1D2B00FEA5FD /* VEX++Tests */,
			);
		};
/* End PBXProject section */

/* Begin PBXResourcesBuildPhase section */
		4CF566D21A9D1D2A00FEA5FD /* Resources */ = {
			isa = PBXResourcesBuildPhase;
			buildActionMask = 2147483647;
			files = (
				4CF566E61A9D1D2B00FEA5FD /* Main.storyboard in Resources */,
				4CF566EB1A9D1D2B00FEA5FD /* LaunchScreen.xib in Resources */,
				4CF566E81A9D1D2B00FEA5FD /* Images.xcassets in Resources */,
			);
			runOnlyForDeploymentPostprocessing = 0;
		};
		4CF566EE1A9D1D2B00FEA5FD /* Resources */ = {
			isa = PBXResourcesBuildPhase;
			buildActionMask = 2147483647;
			files = (
			);
			runOnlyForDeploymentPostprocessing = 0;
		};
/* End PBXResourcesBuildPhase section */

/* Begin PBXSourcesBuildPhase section */
		4CF566D01A9D1D2A00FEA5FD /* Sources */ = {
			isa = PBXSourcesBuildPhase;
			buildActionMask = 2147483647;
			files = (
				4CF566DD1A9D1D2B00FEA5FD /* FLAppDelegate.m in Sources */,
				4CF566E01A9D1D2B00FEA5FD /* FLMasterViewController.m in Sources */,
				4CF566DA1A9D1D2B00FEA5FD /* main.m in Sources */,
				4CF566E31A9D1D2B00FEA5FD /* FLDetailViewController.m in Sources */,
			);
			runOnlyForDeploymentPostprocessing = 0;
		};
		4CF566EC1A9D1D2B00FEA5FD /* Sources */ = {
			isa = PBXSourcesBuildPhase;
			buildActionMask = 2147483647;
			files = (
				4CF566F71A9D1D2B00FEA5FD /* VEX__Tests.m in Sources */,
			);
			runOnlyForDeploymentPostprocessing = 0;
		};
/* End PBXSourcesBuildPhase section */

/* Begin PBXTargetDependency section */
		4CF566F21A9D1D2B00FEA5FD /* PBXTargetDependency */ = {
			isa = PBXTargetDependency;
			target = 4CF566D31A9D1D2A00FEA5FD /* VEX++ */;
			targetProxy = 4CF566F11A9D1D2B00FEA5FD /* PBXContainerItemProxy */;
		};
/* End PBXTargetDependency section */

/* Begin PBXVariantGroup section */
		4CF566E41A9D1D2B00FEA5FD /* Main.storyboard */ = {
			isa = PBXVariantGroup;
			children = (
				4CF566E51A9D1D2B00FEA5FD /* Base */,
			);
			name = Main.storyboard;
			sourceTree = "<group>";
		};
		4CF566E91A9D1D2B00FEA5FD /* LaunchScreen.xib */ = {
			isa = PBXVariantGroup;
			children = (
				4CF566EA1A9D1D2B00FEA5FD /* Base */,
			);
			name = LaunchScreen.xib;
			sourceTree = "<group>";
		};
/* End PBXVariantGroup section */

/* Begin XCBuildConfiguration section */
		4CF566F81A9D1D2B00FEA5FD /* Debug */ = {
			isa = XCBuildConfiguration;
			buildSettings = {
				ALWAYS_SEARCH_USER_PATHS = NO;
				CLANG_CXX_LANGUAGE_STANDARD = "gnu++0x";
				CLANG_CXX_LIBRARY = "libc++";
				CLANG_ENABLE_MODULES = YES;
				CLANG_ENABLE_OBJC_ARC = YES;
				CLANG_WARN_BOOL_CONVERSION = YES;
				CLANG_WARN_CONSTANT_CONVERSION = YES;
				CLANG_WARN_DIRECT_OBJC_ISA_USAGE = YES_ERROR;
				CLANG_WARN_EMPTY_BODY = YES;
				CLANG_WARN_ENUM_CONVERSION = YES;
				CLANG_WARN_INT_CONVERSION = YES;
				CLANG_WARN_OBJC_ROOT_CLASS = YES_ERROR;
				CLANG_WARN_UNREACHABLE_CODE = YES;
				CLANG_WARN__DUPLICATE_METHOD_MATCH = YES;
				"CODE_SIGN_IDENTITY[sdk=iphoneos*]" = "iPhone Developer";
				COPY_PHASE_STRIP = NO;
				DEBUG_INFORMATION_FORMAT = dwarf;
				ENABLE_STRICT_OBJC_MSGSEND = YES;
				GCC_C_LANGUAGE_STANDARD = gnu99;
				GCC_DYNAMIC_NO_PIC = NO;
				GCC_NO_COMMON_BLOCKS = YES;
				GCC_OPTIMIZATION_LEVEL = 0;
				GCC_PREPROCESSOR_DEFINITIONS = (
					"DEBUG=1",
					"$(inherited)",
				);
				GCC_SYMBOLS_PRIVATE_EXTERN = NO;
				GCC_WARN_64_TO_32_BIT_CONVERSION = YES;
				GCC_WARN_ABOUT_RETURN_TYPE = YES_ERROR;
				GCC_WARN_UNDECLARED_SELECTOR = YES;
				GCC_WARN_UNINITIALIZED_AUTOS = YES_AGGRESSIVE;
				GCC_WARN_UNUSED_FUNCTION = YES;
				GCC_WARN_UNUSED_VARIABLE = YES;
				IPHONEOS_DEPLOYMENT_TARGET = 8.3;
				MTL_ENABLE_DEBUG_INFO = YES;
				ONLY_ACTIVE_ARCH = YES;
				SDKROOT = iphoneos;
				TARGETED_DEVICE_FAMILY = "1,2";
			};
			name = Debug;
		};
		4CF566F91A9D1D2B00FEA5FD /* Release */ = {
			isa = XCBuildConfiguration;
			buildSettings = {
				ALWAYS_SEARCH_USER_PATHS = NO;
				CLANG_CXX_LANGUAGE_STANDARD = "gnu++0x";
				CLANG_CXX_LIBRARY = "libc++";
				CLANG_ENABLE_MODULES = YES;
				CLANG_ENABLE_OBJC_ARC = YES;
				CLANG_WARN_BOOL_CONVERSION = YES;
				CLANG_WARN_CONSTANT_CONVERSION = YES;
				CLANG_WARN_DIRECT_OBJC_ISA_USAGE = YES_ERROR;
				CLANG_WARN_EMPTY_BODY = YES;
				CLANG_WARN_ENUM_CONVERSION = YES;
				CLANG_WARN_INT_CONVERSION = YES;
				CLANG_WARN_OBJC_ROOT_CLASS = YES_ERROR;
				CLANG_WARN_UNREACHABLE_CODE = YES;
				CLANG_WARN__DUPLICATE_METHOD_MATCH = YES;
				"CODE_SIGN_IDENTITY[sdk=iphoneos*]" = "iPhone Developer";
				COPY_PHASE_STRIP = NO;
				DEBUG_INFORMATION_FORMAT = "dwarf-with-dsym";
				ENABLE_NS_ASSERTIONS = NO;
				ENABLE_STRICT_OBJC_MSGSEND = YES;
				GCC_C_LANGUAGE_STANDARD = gnu99;
				GCC_NO_COMMON_BLOCKS = YES;
				GCC_WARN_64_TO_32_BIT_CONVERSION = YES;
				GCC_WARN_ABOUT_RETURN_TYPE = YES_ERROR;
				GCC_WARN_UNDECLARED_SELECTOR = YES;
				GCC_WARN_UNINITIALIZED_AUTOS = YES_AGGRESSIVE;
				GCC_WARN_UNUSED_FUNCTION = YES;
				GCC_WARN_UNUSED_VARIABLE = YES;
				IPHONEOS_DEPLOYMENT_TARGET = 8.3;
				MTL_ENABLE_DEBUG_INFO = NO;
				SDKROOT = iphoneos;
				TARGETED_DEVICE_FAMILY = "1,2";
				VALIDATE_PRODUCT = YES;
			};
			name = Release;
		};
		4CF566FB1A9D1D2B00FEA5FD /* Debug */ = {
			isa = XCBuildConfiguration;
			buildSettings = {
				ASSETCATALOG_COMPILER_APPICON_NAME = AppIcon;
				INFOPLIST_FILE = "VEX++/Info.plist";
				IPHONEOS_DEPLOYMENT_TARGET = 8.0;
				LD_RUNPATH_SEARCH_PATHS = "$(inherited) @executable_path/Frameworks";
				PRODUCT_NAME = "$(TARGET_NAME)";
			};
			name = Debug;
		};
		4CF566FC1A9D1D2B00FEA5FD /* Release */ = {
			isa = XCBuildConfiguration;
			buildSettings = {
				ASSETCATALOG_COMPILER_APPICON_NAME = AppIcon;
				INFOPLIST_FILE = "VEX++/Info.plist";
				IPHONEOS_DEPLOYMENT_TARGET = 8.0;
				LD_RUNPATH_SEARCH_PATHS = "$(inherited) @executable_path/Frameworks";
				PRODUCT_NAME = "$(TARGET_NAME)";
			};
			name = Release;
		};
		4CF566FE1A9D1D2B00FEA5FD /* Debug */ = {
			isa = XCBuildConfiguration;
			buildSettings = {
				BUNDLE_LOADER = "$(TEST_HOST)";
				FRAMEWORK_SEARCH_PATHS = (
					"$(SDKROOT)/Developer/Library/Frameworks",
					"$(inherited)",
				);
				GCC_PREPROCESSOR_DEFINITIONS = (
					"DEBUG=1",
					"$(inherited)",
				);
				INFOPLIST_FILE = "VEX++Tests/Info.plist";
				LD_RUNPATH_SEARCH_PATHS = "$(inherited) @executable_path/Frameworks @loader_path/Frameworks";
				PRODUCT_NAME = "$(TARGET_NAME)";
				TEST_HOST = "$(BUILT_PRODUCTS_DIR)/VEX++.app/VEX++";
			};
			name = Debug;
		};
		4CF566FF1A9D1D2B00FEA5FD /* Release */ = {
			isa = XCBuildConfiguration;
			buildSettings = {
				BUNDLE_LOADER = "$(TEST_HOST)";
				FRAMEWORK_SEARCH_PATHS = (
					"$(SDKROOT)/Developer/Library/Frameworks",
					"$(inherited)",
				);
				INFOPLIST_FILE = "VEX++Tests/Info.plist";
				LD_RUNPATH_SEARCH_PATHS = "$(inherited) @executable_path/Frameworks @loader_path/Frameworks";
				PRODUCT_NAME = "$(TARGET_NAME)";
				TEST_HOST = "$(BUILT_PRODUCTS_DIR)/VEX++.app/VEX++";
			};
			name = Release;
		};
/* End XCBuildConfiguration section */

/* Begin XCConfigurationList section */
		4CF566CF1A9D1D2A00FEA5FD /* Build configuration list for PBXProject "VEX++" */ = {
			isa = XCConfigurationList;
			buildConfigurations = (
				4CF566F81A9D1D2B00FEA5FD /* Debug */,
				4CF566F91A9D1D2B00FEA5FD /* Release */,
			);
			defaultConfigurationIsVisible = 0;
			defaultConfigurationName = Release;
		};
		4CF566FA1A9D1D2B00FEA5FD /* Build configuration list for PBXNativeTarget "VEX++" */ = {
			isa = XCConfigurationList;
			buildConfigurations = (
				4CF566FB1A9D1D2B00FEA5FD /* Debug */,
				4CF566FC1A9D1D2B00FEA5FD /* Release */,
			);
			defaultConfigurationIsVisible = 0;
		};
		4CF566FD1A9D1D2B00FEA5FD /* Build configuration list for PBXNativeTarget "VEX++Tests" */ = {
			isa = XCConfigurationList;
			buildConfigurations = (
				4CF566FE1A9D1D2B00FEA5FD /* Debug */,
				4CF566FF1A9D1D2B00FEA5FD /* Release */,
			);
			defaultConfigurationIsVisible = 0;
		};
/* End XCConfigurationList section */
	};
	rootObject = 4CF566CC1A9D1D2A00FEA5FD /* Project object */;
}
