// !$*UTF8*$!
{
	archiveVersion = 1;
	classes = {
	};
	objectVersion = 46;
	objects = {

/* Begin PBXBuildFile section */
		4CC8D4661AA63E0E00D1604B /* UILabel+FLAutoResizingLabel.m in Sources */ = {isa = PBXBuildFile; fileRef = 4CC8D4651AA63E0E00D1604B /* UILabel+FLAutoResizingLabel.m */; };
		4CC8D4691AA6C83F00D1604B /* FLColorScheme.m in Sources */ = {isa = PBXBuildFile; fileRef = 4CC8D4681AA6C83F00D1604B /* FLColorScheme.m */; };
		4CC8D46C1AA6CF5300D1604B /* UITextField+FLElectricTextField.m in Sources */ = {isa = PBXBuildFile; fileRef = 4CC8D46B1AA6CF5300D1604B /* UITextField+FLElectricTextField.m */; };
		4CC8D4721AA7864500D1604B /* FLLoginViewController.m in Sources */ = {isa = PBXBuildFile; fileRef = 4CC8D4711AA7864500D1604B /* FLLoginViewController.m */; };
		4CC8D4751AA7869000D1604B /* FLSignUpViewController.m in Sources */ = {isa = PBXBuildFile; fileRef = 4CC8D4741AA7869000D1604B /* FLSignUpViewController.m */; };
		4CC8D4781AA7877B00D1604B /* FLLoadingView.m in Sources */ = {isa = PBXBuildFile; fileRef = 4CC8D4771AA7877B00D1604B /* FLLoadingView.m */; };
		4CC8D47C1AA7E81200D1604B /* Bolts.framework in Frameworks */ = {isa = PBXBuildFile; fileRef = 4CC8D47B1AA7E81200D1604B /* Bolts.framework */; };
		4CC8D47E1AA7E81D00D1604B /* Parse.framework in Frameworks */ = {isa = PBXBuildFile; fileRef = 4CC8D47D1AA7E81D00D1604B /* Parse.framework */; };
		4CC8D4811AA7E86A00D1604B /* AudioToolbox.framework in Frameworks */ = {isa = PBXBuildFile; fileRef = 4CC8D47F1AA7E85F00D1604B /* AudioToolbox.framework */; };
		4CC8D4841AA7E88100D1604B /* CFNetwork.framework in Frameworks */ = {isa = PBXBuildFile; fileRef = 4CC8D4821AA7E87300D1604B /* CFNetwork.framework */; };
		4CC8D4871AA7E89D00D1604B /* CoreGraphics.framework in Frameworks */ = {isa = PBXBuildFile; fileRef = 4CC8D4851AA7E89400D1604B /* CoreGraphics.framework */; };
		4CC8D48A1AA7E8B400D1604B /* CoreLocation.framework in Frameworks */ = {isa = PBXBuildFile; fileRef = 4CC8D4881AA7E8A500D1604B /* CoreLocation.framework */; };
		4CC8D48D1AA7E8CF00D1604B /* MobileCoreServices.framework in Frameworks */ = {isa = PBXBuildFile; fileRef = 4CC8D48B1AA7E8C300D1604B /* MobileCoreServices.framework */; };
		4CC8D4901AA7E8E200D1604B /* QuartzCore.framework in Frameworks */ = {isa = PBXBuildFile; fileRef = 4CC8D48E1AA7E8D700D1604B /* QuartzCore.framework */; };
		4CC8D4931AA7E8FE00D1604B /* Security.framework in Frameworks */ = {isa = PBXBuildFile; fileRef = 4CC8D4911AA7E8F300D1604B /* Security.framework */; };
		4CC8D4961AA7E91800D1604B /* StoreKit.framework in Frameworks */ = {isa = PBXBuildFile; fileRef = 4CC8D4941AA7E90900D1604B /* StoreKit.framework */; };
		4CC8D4991AA7E93000D1604B /* SystemConfiguration.framework in Frameworks */ = {isa = PBXBuildFile; fileRef = 4CC8D4971AA7E92800D1604B /* SystemConfiguration.framework */; };
		4CC8D49C1AA7E94D00D1604B /* libz.dylib in Frameworks */ = {isa = PBXBuildFile; fileRef = 4CC8D49A1AA7E94300D1604B /* libz.dylib */; };
		4CC8D49F1AA7E96000D1604B /* libsqlite3.dylib in Frameworks */ = {isa = PBXBuildFile; fileRef = 4CC8D49D1AA7E95600D1604B /* libsqlite3.dylib */; };
		4CC8D4AB1AA7EF7800D1604B /* VEXKit.h in Headers */ = {isa = PBXBuildFile; fileRef = 4CC8D4AA1AA7EF7800D1604B /* VEXKit.h */; settings = {ATTRIBUTES = (Public, ); }; };
		4CC8D4B11AA7EF7800D1604B /* VEXKit.framework in Frameworks */ = {isa = PBXBuildFile; fileRef = 4CC8D4A61AA7EF7800D1604B /* VEXKit.framework */; };
		4CC8D4BA1AA7EF7800D1604B /* VEXKitTests.m in Sources */ = {isa = PBXBuildFile; fileRef = 4CC8D4B91AA7EF7800D1604B /* VEXKitTests.m */; };
		4CC8D4BD1AA7EF7800D1604B /* VEXKit.framework in Frameworks */ = {isa = PBXBuildFile; fileRef = 4CC8D4A61AA7EF7800D1604B /* VEXKit.framework */; };
		4CC8D4BE1AA7EF7800D1604B /* VEXKit.framework in Embed Frameworks */ = {isa = PBXBuildFile; fileRef = 4CC8D4A61AA7EF7800D1604B /* VEXKit.framework */; settings = {ATTRIBUTES = (CodeSignOnCopy, RemoveHeadersOnCopy, ); }; };
		4CD05E171AA7F03A0046FA62 /* libsqlite3.dylib in Frameworks */ = {isa = PBXBuildFile; fileRef = 4CC8D49D1AA7E95600D1604B /* libsqlite3.dylib */; };
		4CD05E181AA7F03D0046FA62 /* libz.dylib in Frameworks */ = {isa = PBXBuildFile; fileRef = 4CC8D49A1AA7E94300D1604B /* libz.dylib */; };
		4CD05E191AA7F0400046FA62 /* SystemConfiguration.framework in Frameworks */ = {isa = PBXBuildFile; fileRef = 4CC8D4971AA7E92800D1604B /* SystemConfiguration.framework */; };
		4CD05E1A1AA7F0430046FA62 /* StoreKit.framework in Frameworks */ = {isa = PBXBuildFile; fileRef = 4CC8D4941AA7E90900D1604B /* StoreKit.framework */; };
		4CD05E1B1AA7F0480046FA62 /* Security.framework in Frameworks */ = {isa = PBXBuildFile; fileRef = 4CC8D4911AA7E8F300D1604B /* Security.framework */; };
		4CD05E1C1AA7F04B0046FA62 /* QuartzCore.framework in Frameworks */ = {isa = PBXBuildFile; fileRef = 4CC8D48E1AA7E8D700D1604B /* QuartzCore.framework */; };
		4CD05E1D1AA7F0500046FA62 /* MobileCoreServices.framework in Frameworks */ = {isa = PBXBuildFile; fileRef = 4CC8D48B1AA7E8C300D1604B /* MobileCoreServices.framework */; };
		4CD05E1E1AA7F0540046FA62 /* CoreLocation.framework in Frameworks */ = {isa = PBXBuildFile; fileRef = 4CC8D4881AA7E8A500D1604B /* CoreLocation.framework */; };
		4CD05E1F1AA7F0590046FA62 /* CoreGraphics.framework in Frameworks */ = {isa = PBXBuildFile; fileRef = 4CC8D4851AA7E89400D1604B /* CoreGraphics.framework */; };
		4CD05E201AA7F05D0046FA62 /* CFNetwork.framework in Frameworks */ = {isa = PBXBuildFile; fileRef = 4CC8D4821AA7E87300D1604B /* CFNetwork.framework */; };
		4CD05E211AA7F0620046FA62 /* AudioToolbox.framework in Frameworks */ = {isa = PBXBuildFile; fileRef = 4CC8D47F1AA7E85F00D1604B /* AudioToolbox.framework */; };
		4CD05E221AA7F0680046FA62 /* Parse.framework in Frameworks */ = {isa = PBXBuildFile; fileRef = 4CC8D47D1AA7E81D00D1604B /* Parse.framework */; };
		4CD05E231AA7F06C0046FA62 /* Bolts.framework in Frameworks */ = {isa = PBXBuildFile; fileRef = 4CC8D47B1AA7E81200D1604B /* Bolts.framework */; };
		4CD05E271AA7F1060046FA62 /* FLTeam.h in Headers */ = {isa = PBXBuildFile; fileRef = 4CD05E251AA7F1060046FA62 /* FLTeam.h */; };
		4CD05E281AA7F1060046FA62 /* FLTeam.m in Sources */ = {isa = PBXBuildFile; fileRef = 4CD05E261AA7F1060046FA62 /* FLTeam.m */; };
		4CD05E2B1AA7F1410046FA62 /* FLRobot.h in Headers */ = {isa = PBXBuildFile; fileRef = 4CD05E291AA7F1410046FA62 /* FLRobot.h */; };
		4CD05E2C1AA7F1410046FA62 /* FLRobot.m in Sources */ = {isa = PBXBuildFile; fileRef = 4CD05E2A1AA7F1410046FA62 /* FLRobot.m */; };
		4CF566DA1A9D1D2B00FEA5FD /* main.m in Sources */ = {isa = PBXBuildFile; fileRef = 4CF566D91A9D1D2B00FEA5FD /* main.m */; };
		4CF566DD1A9D1D2B00FEA5FD /* FLAppDelegate.m in Sources */ = {isa = PBXBuildFile; fileRef = 4CF566DC1A9D1D2B00FEA5FD /* FLAppDelegate.m */; };
		4CF566E01A9D1D2B00FEA5FD /* FLMasterViewController.m in Sources */ = {isa = PBXBuildFile; fileRef = 4CF566DF1A9D1D2B00FEA5FD /* FLMasterViewController.m */; };
		4CF566E31A9D1D2B00FEA5FD /* FLDetailViewController.m in Sources */ = {isa = PBXBuildFile; fileRef = 4CF566E21A9D1D2B00FEA5FD /* FLDetailViewController.m */; };
		4CF566E61A9D1D2B00FEA5FD /* Main.storyboard in Resources */ = {isa = PBXBuildFile; fileRef = 4CF566E41A9D1D2B00FEA5FD /* Main.storyboard */; };
		4CF566E81A9D1D2B00FEA5FD /* Images.xcassets in Resources */ = {isa = PBXBuildFile; fileRef = 4CF566E71A9D1D2B00FEA5FD /* Images.xcassets */; };
		4CF566EB1A9D1D2B00FEA5FD /* LaunchScreen.xib in Resources */ = {isa = PBXBuildFile; fileRef = 4CF566E91A9D1D2B00FEA5FD /* LaunchScreen.xib */; };
		4CF566F71A9D1D2B00FEA5FD /* VEX__Tests.m in Sources */ = {isa = PBXBuildFile; fileRef = 4CF566F61A9D1D2B00FEA5FD /* VEX__Tests.m */; };
/* End PBXBuildFile section */

/* Begin PBXContainerItemProxy section */
		4CC8D4B21AA7EF7800D1604B /* PBXContainerItemProxy */ = {
			isa = PBXContainerItemProxy;
			containerPortal = 4CF566CC1A9D1D2A00FEA5FD /* Project object */;
			proxyType = 1;
			remoteGlobalIDString = 4CC8D4A51AA7EF7800D1604B;
			remoteInfo = VEXKit;
		};
		4CC8D4B41AA7EF7800D1604B /* PBXContainerItemProxy */ = {
			isa = PBXContainerItemProxy;
			containerPortal = 4CF566CC1A9D1D2A00FEA5FD /* Project object */;
			proxyType = 1;
			remoteGlobalIDString = 4CF566D31A9D1D2A00FEA5FD;
			remoteInfo = "VEX++";
		};
		4CC8D4BB1AA7EF7800D1604B /* PBXContainerItemProxy */ = {
			isa = PBXContainerItemProxy;
			containerPortal = 4CF566CC1A9D1D2A00FEA5FD /* Project object */;
			proxyType = 1;
			remoteGlobalIDString = 4CC8D4A51AA7EF7800D1604B;
			remoteInfo = VEXKit;
		};
		4CF566F11A9D1D2B00FEA5FD /* PBXContainerItemProxy */ = {
			isa = PBXContainerItemProxy;
			containerPortal = 4CF566CC1A9D1D2A00FEA5FD /* Project object */;
			proxyType = 1;
			remoteGlobalIDString = 4CF566D31A9D1D2A00FEA5FD;
			remoteInfo = "VEX++";
		};
/* End PBXContainerItemProxy section */

/* Begin PBXCopyFilesBuildPhase section */
		4CC8D4C21AA7EF7800D1604B /* Embed Frameworks */ = {
			isa = PBXCopyFilesBuildPhase;
			buildActionMask = 2147483647;
			dstPath = "";
			dstSubfolderSpec = 10;
			files = (
				4CC8D4BE1AA7EF7800D1604B /* VEXKit.framework in Embed Frameworks */,
			);
			name = "Embed Frameworks";
			runOnlyForDeploymentPostprocessing = 0;
		};
/* End PBXCopyFilesBuildPhase section */

/* Begin PBXFileReference section */
		4CC8D4641AA63E0E00D1604B /* UILabel+FLAutoResizingLabel.h */ = {isa = PBXFileReference; fileEncoding = 4; lastKnownFileType = sourcecode.c.h; path = "UILabel+FLAutoResizingLabel.h"; sourceTree = "<group>"; };
		4CC8D4651AA63E0E00D1604B /* UILabel+FLAutoResizingLabel.m */ = {isa = PBXFileReference; fileEncoding = 4; lastKnownFileType = sourcecode.c.objc; path = "UILabel+FLAutoResizingLabel.m"; sourceTree = "<group>"; };
		4CC8D4671AA6C83F00D1604B /* FLColorScheme.h */ = {isa = PBXFileReference; fileEncoding = 4; lastKnownFileType = sourcecode.c.h; path = FLColorScheme.h; sourceTree = "<group>"; };
		4CC8D4681AA6C83F00D1604B /* FLColorScheme.m */ = {isa = PBXFileReference; fileEncoding = 4; lastKnownFileType = sourcecode.c.objc; path = FLColorScheme.m; sourceTree = "<group>"; };
		4CC8D46A1AA6CF5300D1604B /* UITextField+FLElectricTextField.h */ = {isa = PBXFileReference; fileEncoding = 4; lastKnownFileType = sourcecode.c.h; path = "UITextField+FLElectricTextField.h"; sourceTree = "<group>"; };
		4CC8D46B1AA6CF5300D1604B /* UITextField+FLElectricTextField.m */ = {isa = PBXFileReference; fileEncoding = 4; lastKnownFileType = sourcecode.c.objc; path = "UITextField+FLElectricTextField.m"; sourceTree = "<group>"; };
		4CC8D4701AA7864500D1604B /* FLLoginViewController.h */ = {isa = PBXFileReference; fileEncoding = 4; lastKnownFileType = sourcecode.c.h; path = FLLoginViewController.h; sourceTree = "<group>"; };
		4CC8D4711AA7864500D1604B /* FLLoginViewController.m */ = {isa = PBXFileReference; fileEncoding = 4; lastKnownFileType = sourcecode.c.objc; path = FLLoginViewController.m; sourceTree = "<group>"; };
		4CC8D4731AA7869000D1604B /* FLSignUpViewController.h */ = {isa = PBXFileReference; fileEncoding = 4; lastKnownFileType = sourcecode.c.h; path = FLSignUpViewController.h; sourceTree = "<group>"; };
		4CC8D4741AA7869000D1604B /* FLSignUpViewController.m */ = {isa = PBXFileReference; fileEncoding = 4; lastKnownFileType = sourcecode.c.objc; path = FLSignUpViewController.m; sourceTree = "<group>"; };
		4CC8D4761AA7877B00D1604B /* FLLoadingView.h */ = {isa = PBXFileReference; fileEncoding = 4; lastKnownFileType = sourcecode.c.h; path = FLLoadingView.h; sourceTree = "<group>"; };
		4CC8D4771AA7877B00D1604B /* FLLoadingView.m */ = {isa = PBXFileReference; fileEncoding = 4; lastKnownFileType = sourcecode.c.objc; path = FLLoadingView.m; sourceTree = "<group>"; };
		4CC8D47B1AA7E81200D1604B /* Bolts.framework */ = {isa = PBXFileReference; lastKnownFileType = wrapper.framework; name = Bolts.framework; path = "../VEX++/Bolts.framework"; sourceTree = "<group>"; };
		4CC8D47D1AA7E81D00D1604B /* Parse.framework */ = {isa = PBXFileReference; lastKnownFileType = wrapper.framework; name = Parse.framework; path = "../VEX++/Parse.framework"; sourceTree = "<group>"; };
		4CC8D47F1AA7E85F00D1604B /* AudioToolbox.framework */ = {isa = PBXFileReference; lastKnownFileType = wrapper.framework; name = AudioToolbox.framework; path = System/Library/Frameworks/AudioToolbox.framework; sourceTree = SDKROOT; };
		4CC8D4821AA7E87300D1604B /* CFNetwork.framework */ = {isa = PBXFileReference; lastKnownFileType = wrapper.framework; name = CFNetwork.framework; path = System/Library/Frameworks/CFNetwork.framework; sourceTree = SDKROOT; };
		4CC8D4851AA7E89400D1604B /* CoreGraphics.framework */ = {isa = PBXFileReference; lastKnownFileType = wrapper.framework; name = CoreGraphics.framework; path = System/Library/Frameworks/CoreGraphics.framework; sourceTree = SDKROOT; };
		4CC8D4881AA7E8A500D1604B /* CoreLocation.framework */ = {isa = PBXFileReference; lastKnownFileType = wrapper.framework; name = CoreLocation.framework; path = System/Library/Frameworks/CoreLocation.framework; sourceTree = SDKROOT; };
		4CC8D48B1AA7E8C300D1604B /* MobileCoreServices.framework */ = {isa = PBXFileReference; lastKnownFileType = wrapper.framework; name = MobileCoreServices.framework; path = System/Library/Frameworks/MobileCoreServices.framework; sourceTree = SDKROOT; };
		4CC8D48E1AA7E8D700D1604B /* QuartzCore.framework */ = {isa = PBXFileReference; lastKnownFileType = wrapper.framework; name = QuartzCore.framework; path = System/Library/Frameworks/QuartzCore.framework; sourceTree = SDKROOT; };
		4CC8D4911AA7E8F300D1604B /* Security.framework */ = {isa = PBXFileReference; lastKnownFileType = wrapper.framework; name = Security.framework; path = System/Library/Frameworks/Security.framework; sourceTree = SDKROOT; };
		4CC8D4941AA7E90900D1604B /* StoreKit.framework */ = {isa = PBXFileReference; lastKnownFileType = wrapper.framework; name = StoreKit.framework; path = System/Library/Frameworks/StoreKit.framework; sourceTree = SDKROOT; };
		4CC8D4971AA7E92800D1604B /* SystemConfiguration.framework */ = {isa = PBXFileReference; lastKnownFileType = wrapper.framework; name = SystemConfiguration.framework; path = System/Library/Frameworks/SystemConfiguration.framework; sourceTree = SDKROOT; };
		4CC8D49A1AA7E94300D1604B /* libz.dylib */ = {isa = PBXFileReference; lastKnownFileType = "compiled.mach-o.dylib"; name = libz.dylib; path = usr/lib/libz.dylib; sourceTree = SDKROOT; };
		4CC8D49D1AA7E95600D1604B /* libsqlite3.dylib */ = {isa = PBXFileReference; lastKnownFileType = "compiled.mach-o.dylib"; name = libsqlite3.dylib; path = usr/lib/libsqlite3.dylib; sourceTree = SDKROOT; };
		4CC8D4A61AA7EF7800D1604B /* VEXKit.framework */ = {isa = PBXFileReference; explicitFileType = wrapper.framework; includeInIndex = 0; path = VEXKit.framework; sourceTree = BUILT_PRODUCTS_DIR; };
		4CC8D4A91AA7EF7800D1604B /* Info.plist */ = {isa = PBXFileReference; lastKnownFileType = text.plist.xml; path = Info.plist; sourceTree = "<group>"; };
		4CC8D4AA1AA7EF7800D1604B /* VEXKit.h */ = {isa = PBXFileReference; lastKnownFileType = sourcecode.c.h; path = VEXKit.h; sourceTree = "<group>"; };
		4CC8D4B01AA7EF7800D1604B /* VEXKitTests.xctest */ = {isa = PBXFileReference; explicitFileType = wrapper.cfbundle; includeInIndex = 0; path = VEXKitTests.xctest; sourceTree = BUILT_PRODUCTS_DIR; };
		4CC8D4B81AA7EF7800D1604B /* Info.plist */ = {isa = PBXFileReference; lastKnownFileType = text.plist.xml; path = Info.plist; sourceTree = "<group>"; };
		4CC8D4B91AA7EF7800D1604B /* VEXKitTests.m */ = {isa = PBXFileReference; lastKnownFileType = sourcecode.c.objc; path = VEXKitTests.m; sourceTree = "<group>"; };
		4CD05E251AA7F1060046FA62 /* FLTeam.h */ = {isa = PBXFileReference; fileEncoding = 4; lastKnownFileType = sourcecode.c.h; path = FLTeam.h; sourceTree = "<group>"; };
		4CD05E261AA7F1060046FA62 /* FLTeam.m */ = {isa = PBXFileReference; fileEncoding = 4; lastKnownFileType = sourcecode.c.objc; path = FLTeam.m; sourceTree = "<group>"; };
		4CD05E291AA7F1410046FA62 /* FLRobot.h */ = {isa = PBXFileReference; fileEncoding = 4; lastKnownFileType = sourcecode.c.h; path = FLRobot.h; sourceTree = "<group>"; };
		4CD05E2A1AA7F1410046FA62 /* FLRobot.m */ = {isa = PBXFileReference; fileEncoding = 4; lastKnownFileType = sourcecode.c.objc; path = FLRobot.m; sourceTree = "<group>"; };
		4CF566D41A9D1D2A00FEA5FD /* VEX++.app */ = {isa = PBXFileReference; explicitFileType = wrapper.application; includeInIndex = 0; path = "VEX++.app"; sourceTree = BUILT_PRODUCTS_DIR; };
		4CF566D81A9D1D2B00FEA5FD /* Info.plist */ = {isa = PBXFileReference; lastKnownFileType = text.plist.xml; path = Info.plist; sourceTree = "<group>"; };
		4CF566D91A9D1D2B00FEA5FD /* main.m */ = {isa = PBXFileReference; lastKnownFileType = sourcecode.c.objc; path = main.m; sourceTree = "<group>"; };
		4CF566DB1A9D1D2B00FEA5FD /* FLAppDelegate.h */ = {isa = PBXFileReference; lastKnownFileType = sourcecode.c.h; path = FLAppDelegate.h; sourceTree = "<group>"; };
		4CF566DC1A9D1D2B00FEA5FD /* FLAppDelegate.m */ = {isa = PBXFileReference; lastKnownFileType = sourcecode.c.objc; path = FLAppDelegate.m; sourceTree = "<group>"; };
		4CF566DE1A9D1D2B00FEA5FD /* FLMasterViewController.h */ = {isa = PBXFileReference; lastKnownFileType = sourcecode.c.h; path = FLMasterViewController.h; sourceTree = "<group>"; };
		4CF566DF1A9D1D2B00FEA5FD /* FLMasterViewController.m */ = {isa = PBXFileReference; lastKnownFileType = sourcecode.c.objc; path = FLMasterViewController.m; sourceTree = "<group>"; };
		4CF566E11A9D1D2B00FEA5FD /* FLDetailViewController.h */ = {isa = PBXFileReference; lastKnownFileType = sourcecode.c.h; path = FLDetailViewController.h; sourceTree = "<group>"; };
		4CF566E21A9D1D2B00FEA5FD /* FLDetailViewController.m */ = {isa = PBXFileReference; lastKnownFileType = sourcecode.c.objc; path = FLDetailViewController.m; sourceTree = "<group>"; };
		4CF566E51A9D1D2B00FEA5FD /* Base */ = {isa = PBXFileReference; lastKnownFileType = file.storyboard; name = Base; path = Base.lproj/Main.storyboard; sourceTree = "<group>"; };
		4CF566E71A9D1D2B00FEA5FD /* Images.xcassets */ = {isa = PBXFileReference; lastKnownFileType = folder.assetcatalog; path = Images.xcassets; sourceTree = "<group>"; };
		4CF566EA1A9D1D2B00FEA5FD /* Base */ = {isa = PBXFileReference; lastKnownFileType = file.xib; name = Base; path = Base.lproj/LaunchScreen.xib; sourceTree = "<group>"; };
		4CF566F01A9D1D2B00FEA5FD /* VEX++Tests.xctest */ = {isa = PBXFileReference; explicitFileType = wrapper.cfbundle; includeInIndex = 0; path = "VEX++Tests.xctest"; sourceTree = BUILT_PRODUCTS_DIR; };
		4CF566F51A9D1D2B00FEA5FD /* Info.plist */ = {isa = PBXFileReference; lastKnownFileType = text.plist.xml; path = Info.plist; sourceTree = "<group>"; };
		4CF566F61A9D1D2B00FEA5FD /* VEX__Tests.m */ = {isa = PBXFileReference; lastKnownFileType = sourcecode.c.objc; path = VEX__Tests.m; sourceTree = "<group>"; };
/* End PBXFileReference section */

/* Begin PBXFrameworksBuildPhase section */
		4CC8D4A21AA7EF7800D1604B /* Frameworks */ = {
			isa = PBXFrameworksBuildPhase;
			buildActionMask = 2147483647;
			files = (
				4CD05E171AA7F03A0046FA62 /* libsqlite3.dylib in Frameworks */,
				4CD05E181AA7F03D0046FA62 /* libz.dylib in Frameworks */,
				4CD05E191AA7F0400046FA62 /* SystemConfiguration.framework in Frameworks */,
				4CD05E1A1AA7F0430046FA62 /* StoreKit.framework in Frameworks */,
				4CD05E1B1AA7F0480046FA62 /* Security.framework in Frameworks */,
				4CD05E1C1AA7F04B0046FA62 /* QuartzCore.framework in Frameworks */,
				4CD05E1D1AA7F0500046FA62 /* MobileCoreServices.framework in Frameworks */,
				4CD05E1E1AA7F0540046FA62 /* CoreLocation.framework in Frameworks */,
				4CD05E1F1AA7F0590046FA62 /* CoreGraphics.framework in Frameworks */,
				4CD05E201AA7F05D0046FA62 /* CFNetwork.framework in Frameworks */,
				4CD05E211AA7F0620046FA62 /* AudioToolbox.framework in Frameworks */,
				4CD05E221AA7F0680046FA62 /* Parse.framework in Frameworks */,
				4CD05E231AA7F06C0046FA62 /* Bolts.framework in Frameworks */,
			);
			runOnlyForDeploymentPostprocessing = 0;
		};
		4CC8D4AD1AA7EF7800D1604B /* Frameworks */ = {
			isa = PBXFrameworksBuildPhase;
			buildActionMask = 2147483647;
			files = (
				4CC8D4B11AA7EF7800D1604B /* VEXKit.framework in Frameworks */,
			);
			runOnlyForDeploymentPostprocessing = 0;
		};
		4CF566D11A9D1D2A00FEA5FD /* Frameworks */ = {
			isa = PBXFrameworksBuildPhase;
			buildActionMask = 2147483647;
			files = (
				4CC8D49F1AA7E96000D1604B /* libsqlite3.dylib in Frameworks */,
				4CC8D49C1AA7E94D00D1604B /* libz.dylib in Frameworks */,
				4CC8D4991AA7E93000D1604B /* SystemConfiguration.framework in Frameworks */,
				4CC8D4961AA7E91800D1604B /* StoreKit.framework in Frameworks */,
				4CC8D4931AA7E8FE00D1604B /* Security.framework in Frameworks */,
				4CC8D4901AA7E8E200D1604B /* QuartzCore.framework in Frameworks */,
				4CC8D48D1AA7E8CF00D1604B /* MobileCoreServices.framework in Frameworks */,
				4CC8D48A1AA7E8B400D1604B /* CoreLocation.framework in Frameworks */,
				4CC8D4871AA7E89D00D1604B /* CoreGraphics.framework in Frameworks */,
				4CC8D4841AA7E88100D1604B /* CFNetwork.framework in Frameworks */,
				4CC8D4811AA7E86A00D1604B /* AudioToolbox.framework in Frameworks */,
				4CC8D47E1AA7E81D00D1604B /* Parse.framework in Frameworks */,
				4CC8D47C1AA7E81200D1604B /* Bolts.framework in Frameworks */,
				4CC8D4BD1AA7EF7800D1604B /* VEXKit.framework in Frameworks */,
			);
			runOnlyForDeploymentPostprocessing = 0;
		};
		4CF566ED1A9D1D2B00FEA5FD /* Frameworks */ = {
			isa = PBXFrameworksBuildPhase;
			buildActionMask = 2147483647;
			files = (
			);
			runOnlyForDeploymentPostprocessing = 0;
		};
/* End PBXFrameworksBuildPhase section */

/* Begin PBXGroup section */
		4CC8D4631AA63DEE00D1604B /* Interface */ = {
			isa = PBXGroup;
			children = (
				4CC8D4761AA7877B00D1604B /* FLLoadingView.h */,
				4CC8D4771AA7877B00D1604B /* FLLoadingView.m */,
				4CF566E41A9D1D2B00FEA5FD /* Main.storyboard */,
				4CF566E71A9D1D2B00FEA5FD /* Images.xcassets */,
				4CF566E91A9D1D2B00FEA5FD /* LaunchScreen.xib */,
				4CC8D4641AA63E0E00D1604B /* UILabel+FLAutoResizingLabel.h */,
				4CC8D4651AA63E0E00D1604B /* UILabel+FLAutoResizingLabel.m */,
				4CC8D4671AA6C83F00D1604B /* FLColorScheme.h */,
				4CC8D4681AA6C83F00D1604B /* FLColorScheme.m */,
				4CC8D46A1AA6CF5300D1604B /* UITextField+FLElectricTextField.h */,
				4CC8D46B1AA6CF5300D1604B /* UITextField+FLElectricTextField.m */,
			);
			name = Interface;
			sourceTree = "<group>";
		};
		4CC8D46D1AA7852200D1604B /* View Controllers */ = {
			isa = PBXGroup;
			children = (
				4CC8D46F1AA7857500D1604B /* Data View Controllers */,
				4CC8D46E1AA7853400D1604B /* Authentication */,
			);
			name = "View Controllers";
			sourceTree = "<group>";
		};
		4CC8D46E1AA7853400D1604B /* Authentication */ = {
			isa = PBXGroup;
			children = (
				4CC8D4701AA7864500D1604B /* FLLoginViewController.h */,
				4CC8D4731AA7869000D1604B /* FLSignUpViewController.h */,
				4CC8D4741AA7869000D1604B /* FLSignUpViewController.m */,
				4CC8D4711AA7864500D1604B /* FLLoginViewController.m */,
			);
			name = Authentication;
			sourceTree = "<group>";
		};
		4CC8D46F1AA7857500D1604B /* Data View Controllers */ = {
			isa = PBXGroup;
			children = (
				4CF566DE1A9D1D2B00FEA5FD /* FLMasterViewController.h */,
				4CF566DF1A9D1D2B00FEA5FD /* FLMasterViewController.m */,
				4CF566E11A9D1D2B00FEA5FD /* FLDetailViewController.h */,
				4CF566E21A9D1D2B00FEA5FD /* FLDetailViewController.m */,
			);
			name = "Data View Controllers";
			sourceTree = "<group>";
		};
		4CC8D4791AA7E7FC00D1604B /* Frameworks */ = {
			isa = PBXGroup;
			children = (
				4CC8D47A1AA7E80400D1604B /* Parse */,
			);
			name = Frameworks;
			sourceTree = "<group>";
		};
		4CC8D47A1AA7E80400D1604B /* Parse */ = {
			isa = PBXGroup;
			children = (
			);
			name = Parse;
			sourceTree = "<group>";
		};
		4CC8D4A71AA7EF7800D1604B /* VEXKit */ = {
			isa = PBXGroup;
			children = (
				4CD05E241AA7F0C60046FA62 /* Data Storage Models */,
				4CC8D4AA1AA7EF7800D1604B /* VEXKit.h */,
				4CC8D4A81AA7EF7800D1604B /* Supporting Files */,
			);
			path = VEXKit;
			sourceTree = "<group>";
		};
		4CC8D4A81AA7EF7800D1604B /* Supporting Files */ = {
			isa = PBXGroup;
			children = (
				4CC8D4C61AA7EFC900D1604B /* External Frameworks */,
				4CC8D4A91AA7EF7800D1604B /* Info.plist */,
			);
			name = "Supporting Files";
			sourceTree = "<group>";
		};
		4CC8D4B61AA7EF7800D1604B /* VEXKitTests */ = {
			isa = PBXGroup;
			children = (
				4CC8D4B91AA7EF7800D1604B /* VEXKitTests.m */,
				4CC8D4B71AA7EF7800D1604B /* Supporting Files */,
			);
			path = VEXKitTests;
			sourceTree = "<group>";
		};
		4CC8D4B71AA7EF7800D1604B /* Supporting Files */ = {
			isa = PBXGroup;
			children = (
				4CC8D4B81AA7EF7800D1604B /* Info.plist */,
			);
			name = "Supporting Files";
			sourceTree = "<group>";
		};
		4CC8D4C61AA7EFC900D1604B /* External Frameworks */ = {
			isa = PBXGroup;
			children = (
				4CC8D4C71AA7EFD400D1604B /* Parse */,
			);
			name = "External Frameworks";
			sourceTree = "<group>";
		};
		4CC8D4C71AA7EFD400D1604B /* Parse */ = {
			isa = PBXGroup;
			children = (
				4CC8D49D1AA7E95600D1604B /* libsqlite3.dylib */,
				4CC8D49A1AA7E94300D1604B /* libz.dylib */,
				4CC8D4971AA7E92800D1604B /* SystemConfiguration.framework */,
				4CC8D4941AA7E90900D1604B /* StoreKit.framework */,
				4CC8D4911AA7E8F300D1604B /* Security.framework */,
				4CC8D48E1AA7E8D700D1604B /* QuartzCore.framework */,
				4CC8D48B1AA7E8C300D1604B /* MobileCoreServices.framework */,
				4CC8D4881AA7E8A500D1604B /* CoreLocation.framework */,
				4CC8D4851AA7E89400D1604B /* CoreGraphics.framework */,
				4CC8D4821AA7E87300D1604B /* CFNetwork.framework */,
				4CC8D47F1AA7E85F00D1604B /* AudioToolbox.framework */,
				4CC8D47D1AA7E81D00D1604B /* Parse.framework */,
				4CC8D47B1AA7E81200D1604B /* Bolts.framework */,
			);
			name = Parse;
			sourceTree = "<group>";
		};
		4CD05E241AA7F0C60046FA62 /* Data Storage Models */ = {
			isa = PBXGroup;
			children = (
				4CD05E251AA7F1060046FA62 /* FLTeam.h */,
				4CD05E261AA7F1060046FA62 /* FLTeam.m */,
				4CD05E291AA7F1410046FA62 /* FLRobot.h */,
				4CD05E2A1AA7F1410046FA62 /* FLRobot.m */,
			);
			name = "Data Storage Models";
			sourceTree = "<group>";
		};
		4CF566CB1A9D1D2A00FEA5FD = {
			isa = PBXGroup;
			children = (
				4CF566D61A9D1D2A00FEA5FD /* VEX++ */,
				4CF566F31A9D1D2B00FEA5FD /* VEX++Tests */,
				4CC8D4A71AA7EF7800D1604B /* VEXKit */,
				4CC8D4B61AA7EF7800D1604B /* VEXKitTests */,
				4CF566D51A9D1D2A00FEA5FD /* Products */,
			);
			sourceTree = "<group>";
		};
		4CF566D51A9D1D2A00FEA5FD /* Products */ = {
			isa = PBXGroup;
			children = (
				4CF566D41A9D1D2A00FEA5FD /* VEX++.app */,
				4CF566F01A9D1D2B00FEA5FD /* VEX++Tests.xctest */,
				4CC8D4A61AA7EF7800D1604B /* VEXKit.framework */,
				4CC8D4B01AA7EF7800D1604B /* VEXKitTests.xctest */,
			);
			name = Products;
			sourceTree = "<group>";
		};
		4CF566D61A9D1D2A00FEA5FD /* VEX++ */ = {
			isa = PBXGroup;
			children = (
				4CC8D46D1AA7852200D1604B /* View Controllers */,
				4CC8D4631AA63DEE00D1604B /* Interface */,
				4CF566DB1A9D1D2B00FEA5FD /* FLAppDelegate.h */,
				4CF566DC1A9D1D2B00FEA5FD /* FLAppDelegate.m */,
				4CF566D71A9D1D2B00FEA5FD /* Supporting Files */,
			);
			path = "VEX++";
			sourceTree = "<group>";
		};
		4CF566D71A9D1D2B00FEA5FD /* Supporting Files */ = {
			isa = PBXGroup;
			children = (
				4CC8D4791AA7E7FC00D1604B /* Frameworks */,
				4CF566D81A9D1D2B00FEA5FD /* Info.plist */,
				4CF566D91A9D1D2B00FEA5FD /* main.m */,
			);
			name = "Supporting Files";
			sourceTree = "<group>";
		};
		4CF566F31A9D1D2B00FEA5FD /* VEX++Tests */ = {
			isa = PBXGroup;
			children = (
				4CF566F61A9D1D2B00FEA5FD /* VEX__Tests.m */,
				4CF566F41A9D1D2B00FEA5FD /* Supporting Files */,
			);
			path = "VEX++Tests";
			sourceTree = "<group>";
		};
		4CF566F41A9D1D2B00FEA5FD /* Supporting Files */ = {
			isa = PBXGroup;
			children = (
				4CF566F51A9D1D2B00FEA5FD /* Info.plist */,
			);
			name = "Supporting Files";
			sourceTree = "<group>";
		};
/* End PBXGroup section */

/* Begin PBXHeadersBuildPhase section */
		4CC8D4A31AA7EF7800D1604B /* Headers */ = {
			isa = PBXHeadersBuildPhase;
			buildActionMask = 2147483647;
			files = (
				4CC8D4AB1AA7EF7800D1604B /* VEXKit.h in Headers */,
				4CD05E271AA7F1060046FA62 /* FLTeam.h in Headers */,
				4CD05E2B1AA7F1410046FA62 /* FLRobot.h in Headers */,
			);
			runOnlyForDeploymentPostprocessing = 0;
		};
/* End PBXHeadersBuildPhase section */

/* Begin PBXNativeTarget section */
		4CC8D4A51AA7EF7800D1604B /* VEXKit */ = {
			isa = PBXNativeTarget;
			buildConfigurationList = 4CC8D4BF1AA7EF7800D1604B /* Build configuration list for PBXNativeTarget "VEXKit" */;
			buildPhases = (
				4CC8D4A11AA7EF7800D1604B /* Sources */,
				4CC8D4A21AA7EF7800D1604B /* Frameworks */,
				4CC8D4A31AA7EF7800D1604B /* Headers */,
				4CC8D4A41AA7EF7800D1604B /* Resources */,
			);
			buildRules = (
			);
			dependencies = (
			);
			name = VEXKit;
			productName = VEXKit;
			productReference = 4CC8D4A61AA7EF7800D1604B /* VEXKit.framework */;
			productType = "com.apple.product-type.framework";
		};
		4CC8D4AF1AA7EF7800D1604B /* VEXKitTests */ = {
			isa = PBXNativeTarget;
			buildConfigurationList = 4CC8D4C31AA7EF7800D1604B /* Build configuration list for PBXNativeTarget "VEXKitTests" */;
			buildPhases = (
				4CC8D4AC1AA7EF7800D1604B /* Sources */,
				4CC8D4AD1AA7EF7800D1604B /* Frameworks */,
				4CC8D4AE1AA7EF7800D1604B /* Resources */,
			);
			buildRules = (
			);
			dependencies = (
				4CC8D4B31AA7EF7800D1604B /* PBXTargetDependency */,
				4CC8D4B51AA7EF7800D1604B /* PBXTargetDependency */,
			);
			name = VEXKitTests;
			productName = VEXKitTests;
			productReference = 4CC8D4B01AA7EF7800D1604B /* VEXKitTests.xctest */;
			productType = "com.apple.product-type.bundle.unit-test";
		};
		4CF566D31A9D1D2A00FEA5FD /* VEX++ */ = {
			isa = PBXNativeTarget;
			buildConfigurationList = 4CF566FA1A9D1D2B00FEA5FD /* Build configuration list for PBXNativeTarget "VEX++" */;
			buildPhases = (
				4CF566D01A9D1D2A00FEA5FD /* Sources */,
				4CF566D11A9D1D2A00FEA5FD /* Frameworks */,
				4CF566D21A9D1D2A00FEA5FD /* Resources */,
				4CC8D4C21AA7EF7800D1604B /* Embed Frameworks */,
			);
			buildRules = (
			);
			dependencies = (
				4CC8D4BC1AA7EF7800D1604B /* PBXTargetDependency */,
			);
			name = "VEX++";
			productName = "VEX++";
			productReference = 4CF566D41A9D1D2A00FEA5FD /* VEX++.app */;
			productType = "com.apple.product-type.application";
		};
		4CF566EF1A9D1D2B00FEA5FD /* VEX++Tests */ = {
			isa = PBXNativeTarget;
			buildConfigurationList = 4CF566FD1A9D1D2B00FEA5FD /* Build configuration list for PBXNativeTarget "VEX++Tests" */;
			buildPhases = (
				4CF566EC1A9D1D2B00FEA5FD /* Sources */,
				4CF566ED1A9D1D2B00FEA5FD /* Frameworks */,
				4CF566EE1A9D1D2B00FEA5FD /* Resources */,
			);
			buildRules = (
			);
			dependencies = (
				4CF566F21A9D1D2B00FEA5FD /* PBXTargetDependency */,
			);
			name = "VEX++Tests";
			productName = "VEX++Tests";
			productReference = 4CF566F01A9D1D2B00FEA5FD /* VEX++Tests.xctest */;
			productType = "com.apple.product-type.bundle.unit-test";
		};
/* End PBXNativeTarget section */

/* Begin PBXProject section */
		4CF566CC1A9D1D2A00FEA5FD /* Project object */ = {
			isa = PBXProject;
			attributes = {
				CLASSPREFIX = FL;
				LastUpgradeCheck = 0630;
				ORGANIZATIONNAME = "Michael Hulet";
				TargetAttributes = {
					4CC8D4A51AA7EF7800D1604B = {
						CreatedOnToolsVersion = 6.3;
						DevelopmentTeam = K3ZLWH83BT;
					};
					4CC8D4AF1AA7EF7800D1604B = {
						CreatedOnToolsVersion = 6.3;
						TestTargetID = 4CF566D31A9D1D2A00FEA5FD;
					};
					4CF566D31A9D1D2A00FEA5FD = {
						CreatedOnToolsVersion = 6.3;
					};
					4CF566EF1A9D1D2B00FEA5FD = {
						CreatedOnToolsVersion = 6.3;
						TestTargetID = 4CF566D31A9D1D2A00FEA5FD;
					};
				};
			};
			buildConfigurationList = 4CF566CF1A9D1D2A00FEA5FD /* Build configuration list for PBXProject "VEX++" */;
			compatibilityVersion = "Xcode 3.2";
			developmentRegion = English;
			hasScannedForEncodings = 0;
			knownRegions = (
				en,
				Base,
			);
			mainGroup = 4CF566CB1A9D1D2A00FEA5FD;
			productRefGroup = 4CF566D51A9D1D2A00FEA5FD /* Products */;
			projectDirPath = "";
			projectRoot = "";
			targets = (
				4CF566D31A9D1D2A00FEA5FD /* VEX++ */,
				4CF566EF1A9D1D2B00FEA5FD /* VEX++Tests */,
				4CC8D4A51AA7EF7800D1604B /* VEXKit */,
				4CC8D4AF1AA7EF7800D1604B /* VEXKitTests */,
			);
		};
/* End PBXProject section */

/* Begin PBXResourcesBuildPhase section */
		4CC8D4A41AA7EF7800D1604B /* Resources */ = {
			isa = PBXResourcesBuildPhase;
			buildActionMask = 2147483647;
			files = (
			);
			runOnlyForDeploymentPostprocessing = 0;
		};
		4CC8D4AE1AA7EF7800D1604B /* Resources */ = {
			isa = PBXResourcesBuildPhase;
			buildActionMask = 2147483647;
			files = (
			);
			runOnlyForDeploymentPostprocessing = 0;
		};
		4CF566D21A9D1D2A00FEA5FD /* Resources */ = {
			isa = PBXResourcesBuildPhase;
			buildActionMask = 2147483647;
			files = (
				4CF566E61A9D1D2B00FEA5FD /* Main.storyboard in Resources */,
				4CF566EB1A9D1D2B00FEA5FD /* LaunchScreen.xib in Resources */,
				4CF566E81A9D1D2B00FEA5FD /* Images.xcassets in Resources */,
			);
			runOnlyForDeploymentPostprocessing = 0;
		};
		4CF566EE1A9D1D2B00FEA5FD /* Resources */ = {
			isa = PBXResourcesBuildPhase;
			buildActionMask = 2147483647;
			files = (
			);
			runOnlyForDeploymentPostprocessing = 0;
		};
/* End PBXResourcesBuildPhase section */

/* Begin PBXSourcesBuildPhase section */
		4CC8D4A11AA7EF7800D1604B /* Sources */ = {
			isa = PBXSourcesBuildPhase;
			buildActionMask = 2147483647;
			files = (
				4CD05E2C1AA7F1410046FA62 /* FLRobot.m in Sources */,
				4CD05E281AA7F1060046FA62 /* FLTeam.m in Sources */,
			);
			runOnlyForDeploymentPostprocessing = 0;
		};
		4CC8D4AC1AA7EF7800D1604B /* Sources */ = {
			isa = PBXSourcesBuildPhase;
			buildActionMask = 2147483647;
			files = (
				4CC8D4BA1AA7EF7800D1604B /* VEXKitTests.m in Sources */,
			);
			runOnlyForDeploymentPostprocessing = 0;
		};
		4CF566D01A9D1D2A00FEA5FD /* Sources */ = {
			isa = PBXSourcesBuildPhase;
			buildActionMask = 2147483647;
			files = (
				4CF566DD1A9D1D2B00FEA5FD /* FLAppDelegate.m in Sources */,
				4CC8D4661AA63E0E00D1604B /* UILabel+FLAutoResizingLabel.m in Sources */,
				4CC8D46C1AA6CF5300D1604B /* UITextField+FLElectricTextField.m in Sources */,
				4CC8D4691AA6C83F00D1604B /* FLColorScheme.m in Sources */,
				4CC8D4721AA7864500D1604B /* FLLoginViewController.m in Sources */,
				4CC8D4781AA7877B00D1604B /* FLLoadingView.m in Sources */,
				4CF566E01A9D1D2B00FEA5FD /* FLMasterViewController.m in Sources */,
				4CC8D4751AA7869000D1604B /* FLSignUpViewController.m in Sources */,
				4CF566DA1A9D1D2B00FEA5FD /* main.m in Sources */,
				4CF566E31A9D1D2B00FEA5FD /* FLDetailViewController.m in Sources */,
			);
			runOnlyForDeploymentPostprocessing = 0;
		};
		4CF566EC1A9D1D2B00FEA5FD /* Sources */ = {
			isa = PBXSourcesBuildPhase;
			buildActionMask = 2147483647;
			files = (
				4CF566F71A9D1D2B00FEA5FD /* VEX__Tests.m in Sources */,
			);
			runOnlyForDeploymentPostprocessing = 0;
		};
/* End PBXSourcesBuildPhase section */

/* Begin PBXTargetDependency section */
		4CC8D4B31AA7EF7800D1604B /* PBXTargetDependency */ = {
			isa = PBXTargetDependency;
			target = 4CC8D4A51AA7EF7800D1604B /* VEXKit */;
			targetProxy = 4CC8D4B21AA7EF7800D1604B /* PBXContainerItemProxy */;
		};
		4CC8D4B51AA7EF7800D1604B /* PBXTargetDependency */ = {
			isa = PBXTargetDependency;
			target = 4CF566D31A9D1D2A00FEA5FD /* VEX++ */;
			targetProxy = 4CC8D4B41AA7EF7800D1604B /* PBXContainerItemProxy */;
		};
		4CC8D4BC1AA7EF7800D1604B /* PBXTargetDependency */ = {
			isa = PBXTargetDependency;
			target = 4CC8D4A51AA7EF7800D1604B /* VEXKit */;
			targetProxy = 4CC8D4BB1AA7EF7800D1604B /* PBXContainerItemProxy */;
		};
		4CF566F21A9D1D2B00FEA5FD /* PBXTargetDependency */ = {
			isa = PBXTargetDependency;
			target = 4CF566D31A9D1D2A00FEA5FD /* VEX++ */;
			targetProxy = 4CF566F11A9D1D2B00FEA5FD /* PBXContainerItemProxy */;
		};
/* End PBXTargetDependency section */

/* Begin PBXVariantGroup section */
		4CF566E41A9D1D2B00FEA5FD /* Main.storyboard */ = {
			isa = PBXVariantGroup;
			children = (
				4CF566E51A9D1D2B00FEA5FD /* Base */,
			);
			name = Main.storyboard;
			sourceTree = "<group>";
		};
		4CF566E91A9D1D2B00FEA5FD /* LaunchScreen.xib */ = {
			isa = PBXVariantGroup;
			children = (
				4CF566EA1A9D1D2B00FEA5FD /* Base */,
			);
			name = LaunchScreen.xib;
			sourceTree = "<group>";
		};
/* End PBXVariantGroup section */

/* Begin XCBuildConfiguration section */
		4CC8D4C01AA7EF7800D1604B /* Debug */ = {
			isa = XCBuildConfiguration;
			buildSettings = {
				CODE_SIGN_IDENTITY = "iPhone Developer";
				CURRENT_PROJECT_VERSION = 1;
				DEFINES_MODULE = YES;
				DYLIB_COMPATIBILITY_VERSION = 1;
				DYLIB_CURRENT_VERSION = 1;
				DYLIB_INSTALL_NAME_BASE = "@rpath";
				FRAMEWORK_SEARCH_PATHS = (
					"$(inherited)",
					"$(PROJECT_DIR)/VEX++",
				);
				GCC_PREPROCESSOR_DEFINITIONS = (
					"DEBUG=1",
					"$(inherited)",
				);
				INFOPLIST_FILE = VEXKit/Info.plist;
				INSTALL_PATH = "$(LOCAL_LIBRARY_DIR)/Frameworks";
				IPHONEOS_DEPLOYMENT_TARGET = 8.0;
				LD_RUNPATH_SEARCH_PATHS = "$(inherited) @executable_path/Frameworks @loader_path/Frameworks";
				PRODUCT_NAME = "$(TARGET_NAME)";
				SKIP_INSTALL = YES;
				VERSIONING_SYSTEM = "apple-generic";
				VERSION_INFO_PREFIX = "";
			};
			name = Debug;
		};
		4CC8D4C11AA7EF7800D1604B /* Release */ = {
			isa = XCBuildConfiguration;
			buildSettings = {
				CODE_SIGN_IDENTITY = "iPhone Developer";
				CURRENT_PROJECT_VERSION = 1;
				DEFINES_MODULE = YES;
				DYLIB_COMPATIBILITY_VERSION = 1;
				DYLIB_CURRENT_VERSION = 1;
				DYLIB_INSTALL_NAME_BASE = "@rpath";
				FRAMEWORK_SEARCH_PATHS = (
					"$(inherited)",
					"$(PROJECT_DIR)/VEX++",
				);
				INFOPLIST_FILE = VEXKit/Info.plist;
				INSTALL_PATH = "$(LOCAL_LIBRARY_DIR)/Frameworks";
				IPHONEOS_DEPLOYMENT_TARGET = 8.0;
				LD_RUNPATH_SEARCH_PATHS = "$(inherited) @executable_path/Frameworks @loader_path/Frameworks";
				PRODUCT_NAME = "$(TARGET_NAME)";
				SKIP_INSTALL = YES;
				VERSIONING_SYSTEM = "apple-generic";
				VERSION_INFO_PREFIX = "";
			};
			name = Release;
		};
		4CC8D4C41AA7EF7800D1604B /* Debug */ = {
			isa = XCBuildConfiguration;
			buildSettings = {
				FRAMEWORK_SEARCH_PATHS = (
					"$(SDKROOT)/Developer/Library/Frameworks",
					"$(inherited)",
				);
				GCC_PREPROCESSOR_DEFINITIONS = (
					"DEBUG=1",
					"$(inherited)",
				);
				INFOPLIST_FILE = VEXKitTests/Info.plist;
				IPHONEOS_DEPLOYMENT_TARGET = 8.3;
				LD_RUNPATH_SEARCH_PATHS = "$(inherited) @executable_path/Frameworks @loader_path/Frameworks";
				PRODUCT_NAME = "$(TARGET_NAME)";
				TEST_HOST = "$(BUILT_PRODUCTS_DIR)/VEX++.app/VEX++";
			};
			name = Debug;
		};
		4CC8D4C51AA7EF7800D1604B /* Release */ = {
			isa = XCBuildConfiguration;
			buildSettings = {
				FRAMEWORK_SEARCH_PATHS = (
					"$(SDKROOT)/Developer/Library/Frameworks",
					"$(inherited)",
				);
				INFOPLIST_FILE = VEXKitTests/Info.plist;
				IPHONEOS_DEPLOYMENT_TARGET = 8.3;
				LD_RUNPATH_SEARCH_PATHS = "$(inherited) @executable_path/Frameworks @loader_path/Frameworks";
				PRODUCT_NAME = "$(TARGET_NAME)";
				TEST_HOST = "$(BUILT_PRODUCTS_DIR)/VEX++.app/VEX++";
			};
			name = Release;
		};
		4CF566F81A9D1D2B00FEA5FD /* Debug */ = {
			isa = XCBuildConfiguration;
			buildSettings = {
				ALWAYS_SEARCH_USER_PATHS = NO;
				CLANG_CXX_LANGUAGE_STANDARD = "gnu++0x";
				CLANG_CXX_LIBRARY = "libc++";
				CLANG_ENABLE_MODULES = YES;
				CLANG_ENABLE_OBJC_ARC = YES;
				CLANG_WARN_BOOL_CONVERSION = YES;
				CLANG_WARN_CONSTANT_CONVERSION = YES;
				CLANG_WARN_DIRECT_OBJC_ISA_USAGE = YES_ERROR;
				CLANG_WARN_EMPTY_BODY = YES;
				CLANG_WARN_ENUM_CONVERSION = YES;
				CLANG_WARN_INT_CONVERSION = YES;
				CLANG_WARN_OBJC_ROOT_CLASS = YES_ERROR;
				CLANG_WARN_UNREACHABLE_CODE = YES;
				CLANG_WARN__DUPLICATE_METHOD_MATCH = YES;
				"CODE_SIGN_IDENTITY[sdk=iphoneos*]" = "iPhone Developer";
				COPY_PHASE_STRIP = NO;
				DEBUG_INFORMATION_FORMAT = dwarf;
				ENABLE_STRICT_OBJC_MSGSEND = YES;
				GCC_C_LANGUAGE_STANDARD = gnu99;
				GCC_DYNAMIC_NO_PIC = NO;
				GCC_NO_COMMON_BLOCKS = YES;
				GCC_OPTIMIZATION_LEVEL = 0;
				GCC_PREPROCESSOR_DEFINITIONS = (
					"DEBUG=1",
					"$(inherited)",
				);
				GCC_SYMBOLS_PRIVATE_EXTERN = NO;
				GCC_WARN_64_TO_32_BIT_CONVERSION = YES;
				GCC_WARN_ABOUT_RETURN_TYPE = YES_ERROR;
				GCC_WARN_UNDECLARED_SELECTOR = YES;
				GCC_WARN_UNINITIALIZED_AUTOS = YES_AGGRESSIVE;
				GCC_WARN_UNUSED_FUNCTION = YES;
				GCC_WARN_UNUSED_VARIABLE = YES;
				IPHONEOS_DEPLOYMENT_TARGET = 8.0;
				MTL_ENABLE_DEBUG_INFO = YES;
				ONLY_ACTIVE_ARCH = YES;
				SDKROOT = iphoneos;
				TARGETED_DEVICE_FAMILY = "1,2";
			};
			name = Debug;
		};
		4CF566F91A9D1D2B00FEA5FD /* Release */ = {
			isa = XCBuildConfiguration;
			buildSettings = {
				ALWAYS_SEARCH_USER_PATHS = NO;
				CLANG_CXX_LANGUAGE_STANDARD = "gnu++0x";
				CLANG_CXX_LIBRARY = "libc++";
				CLANG_ENABLE_MODULES = YES;
				CLANG_ENABLE_OBJC_ARC = YES;
				CLANG_WARN_BOOL_CONVERSION = YES;
				CLANG_WARN_CONSTANT_CONVERSION = YES;
				CLANG_WARN_DIRECT_OBJC_ISA_USAGE = YES_ERROR;
				CLANG_WARN_EMPTY_BODY = YES;
				CLANG_WARN_ENUM_CONVERSION = YES;
				CLANG_WARN_INT_CONVERSION = YES;
				CLANG_WARN_OBJC_ROOT_CLASS = YES_ERROR;
				CLANG_WARN_UNREACHABLE_CODE = YES;
				CLANG_WARN__DUPLICATE_METHOD_MATCH = YES;
				"CODE_SIGN_IDENTITY[sdk=iphoneos*]" = "iPhone Developer";
				COPY_PHASE_STRIP = NO;
				DEBUG_INFORMATION_FORMAT = "dwarf-with-dsym";
				ENABLE_NS_ASSERTIONS = NO;
				ENABLE_STRICT_OBJC_MSGSEND = YES;
				GCC_C_LANGUAGE_STANDARD = gnu99;
				GCC_NO_COMMON_BLOCKS = YES;
				GCC_WARN_64_TO_32_BIT_CONVERSION = YES;
				GCC_WARN_ABOUT_RETURN_TYPE = YES_ERROR;
				GCC_WARN_UNDECLARED_SELECTOR = YES;
				GCC_WARN_UNINITIALIZED_AUTOS = YES_AGGRESSIVE;
				GCC_WARN_UNUSED_FUNCTION = YES;
				GCC_WARN_UNUSED_VARIABLE = YES;
				IPHONEOS_DEPLOYMENT_TARGET = 8.0;
				MTL_ENABLE_DEBUG_INFO = NO;
				SDKROOT = iphoneos;
				TARGETED_DEVICE_FAMILY = "1,2";
				VALIDATE_PRODUCT = YES;
			};
			name = Release;
		};
		4CF566FB1A9D1D2B00FEA5FD /* Debug */ = {
			isa = XCBuildConfiguration;
			buildSettings = {
				ASSETCATALOG_COMPILER_APPICON_NAME = AppIcon;
				FRAMEWORK_SEARCH_PATHS = (
					"$(inherited)",
					"$(PROJECT_DIR)/VEX++",
				);
				INFOPLIST_FILE = "VEX++/Info.plist";
				IPHONEOS_DEPLOYMENT_TARGET = 8.0;
				LD_RUNPATH_SEARCH_PATHS = "$(inherited) @executable_path/Frameworks";
				PRODUCT_NAME = "$(TARGET_NAME)";
			};
			name = Debug;
		};
		4CF566FC1A9D1D2B00FEA5FD /* Release */ = {
			isa = XCBuildConfiguration;
			buildSettings = {
				ASSETCATALOG_COMPILER_APPICON_NAME = AppIcon;
				FRAMEWORK_SEARCH_PATHS = (
					"$(inherited)",
					"$(PROJECT_DIR)/VEX++",
				);
				INFOPLIST_FILE = "VEX++/Info.plist";
				IPHONEOS_DEPLOYMENT_TARGET = 8.0;
				LD_RUNPATH_SEARCH_PATHS = "$(inherited) @executable_path/Frameworks";
				PRODUCT_NAME = "$(TARGET_NAME)";
			};
			name = Release;
		};
		4CF566FE1A9D1D2B00FEA5FD /* Debug */ = {
			isa = XCBuildConfiguration;
			buildSettings = {
				BUNDLE_LOADER = "$(TEST_HOST)";
				FRAMEWORK_SEARCH_PATHS = (
					"$(SDKROOT)/Developer/Library/Frameworks",
					"$(inherited)",
				);
				GCC_PREPROCESSOR_DEFINITIONS = (
					"DEBUG=1",
					"$(inherited)",
				);
				INFOPLIST_FILE = "VEX++Tests/Info.plist";
				LD_RUNPATH_SEARCH_PATHS = "$(inherited) @executable_path/Frameworks @loader_path/Frameworks";
				PRODUCT_NAME = "$(TARGET_NAME)";
				TEST_HOST = "$(BUILT_PRODUCTS_DIR)/VEX++.app/VEX++";
			};
			name = Debug;
		};
		4CF566FF1A9D1D2B00FEA5FD /* Release */ = {
			isa = XCBuildConfiguration;
			buildSettings = {
				BUNDLE_LOADER = "$(TEST_HOST)";
				FRAMEWORK_SEARCH_PATHS = (
					"$(SDKROOT)/Developer/Library/Frameworks",
					"$(inherited)",
				);
				INFOPLIST_FILE = "VEX++Tests/Info.plist";
				LD_RUNPATH_SEARCH_PATHS = "$(inherited) @executable_path/Frameworks @loader_path/Frameworks";
				PRODUCT_NAME = "$(TARGET_NAME)";
				TEST_HOST = "$(BUILT_PRODUCTS_DIR)/VEX++.app/VEX++";
			};
			name = Release;
		};
/* End XCBuildConfiguration section */

/* Begin XCConfigurationList section */
		4CC8D4BF1AA7EF7800D1604B /* Build configuration list for PBXNativeTarget "VEXKit" */ = {
			isa = XCConfigurationList;
			buildConfigurations = (
				4CC8D4C01AA7EF7800D1604B /* Debug */,
				4CC8D4C11AA7EF7800D1604B /* Release */,
			);
			defaultConfigurationIsVisible = 0;
			defaultConfigurationName = Release;
		};
		4CC8D4C31AA7EF7800D1604B /* Build configuration list for PBXNativeTarget "VEXKitTests" */ = {
			isa = XCConfigurationList;
			buildConfigurations = (
				4CC8D4C41AA7EF7800D1604B /* Debug */,
				4CC8D4C51AA7EF7800D1604B /* Release */,
			);
			defaultConfigurationIsVisible = 0;
			defaultConfigurationName = Release;
		};
		4CF566CF1A9D1D2A00FEA5FD /* Build configuration list for PBXProject "VEX++" */ = {
			isa = XCConfigurationList;
			buildConfigurations = (
				4CF566F81A9D1D2B00FEA5FD /* Debug */,
				4CF566F91A9D1D2B00FEA5FD /* Release */,
			);
			defaultConfigurationIsVisible = 0;
			defaultConfigurationName = Release;
		};
		4CF566FA1A9D1D2B00FEA5FD /* Build configuration list for PBXNativeTarget "VEX++" */ = {
			isa = XCConfigurationList;
			buildConfigurations = (
				4CF566FB1A9D1D2B00FEA5FD /* Debug */,
				4CF566FC1A9D1D2B00FEA5FD /* Release */,
			);
			defaultConfigurationIsVisible = 0;
			defaultConfigurationName = Release;
		};
		4CF566FD1A9D1D2B00FEA5FD /* Build configuration list for PBXNativeTarget "VEX++Tests" */ = {
			isa = XCConfigurationList;
			buildConfigurations = (
				4CF566FE1A9D1D2B00FEA5FD /* Debug */,
				4CF566FF1A9D1D2B00FEA5FD /* Release */,
			);
			defaultConfigurationIsVisible = 0;
			defaultConfigurationName = Release;
		};
/* End XCConfigurationList section */
	};
	rootObject = 4CF566CC1A9D1D2A00FEA5FD /* Project object */;
}
